
Microsoft Visual Studio Solution File, Format Version 12.00
# Visual Studio Version 17
VisualStudioVersion = 17.14.36414.22 d17.14
MinimumVisualStudioVersion = 10.0.40219.1
Project("{FAE04EC0-301F-11D3-BF4B-00C04F79EFBC}") = "BlogMvcApp", "BlogMvcApp\BlogMvcApp.csproj", "{4959B13E-C3CC-46AE-9594-279BDCE7A92F}"
EndProject
Global
	GlobalSection(SolutionConfigurationPlatforms) = preSolution
		Debug|Any CPU = Debug|Any CPU
		Release|Any CPU = Release|Any CPU
	EndGlobalSection
	GlobalSection(ProjectConfigurationPlatforms) = postSolution
		{4959B13E-C3CC-46AE-9594-279BDCE7A92F}.Debug|Any CPU.ActiveCfg = Debug|Any CPU
		{4959B13E-C3CC-46AE-9594-279BDCE7A92F}.Debug|Any CPU.Build.0 = Debug|Any CPU
		{4959B13E-C3CC-46AE-9594-279BDCE7A92F}.Release|Any CPU.ActiveCfg = Release|Any CPU
		{4959B13E-C3CC-46AE-9594-279BDCE7A92F}.Release|Any CPU.Build.0 = Release|Any CPU
	EndGlobalSection
	GlobalSection(SolutionProperties) = preSolution
		HideSolutionNode = FALSE
	EndGlobalSection
	GlobalSection(ExtensibilityGlobals) = postSolution
		SolutionGuid = {85310C8E-2024-4DD5-A272-C4225F7ADEBB}
	EndGlobalSection
EndGlobal
